// !$*UTF8*$!
{
	archiveVersion = 1;
	classes = {
	};
	objectVersion = 46;
	objects = {

/* Begin PBXBuildFile section */
		C4F9AE001A7C39D800B53DF8 /* AppDelegate.swift in Sources */ = {isa = PBXBuildFile; fileRef = C4F9ADFF1A7C39D800B53DF8 /* AppDelegate.swift */; };
		C4F9AE021A7C39D800B53DF8 /* ViewController.swift in Sources */ = {isa = PBXBuildFile; fileRef = C4F9AE011A7C39D800B53DF8 /* ViewController.swift */; };
		C4F9AE051A7C39D800B53DF8 /* Main.storyboard in Resources */ = {isa = PBXBuildFile; fileRef = C4F9AE031A7C39D800B53DF8 /* Main.storyboard */; };
		C4F9AE071A7C39D800B53DF8 /* Images.xcassets in Resources */ = {isa = PBXBuildFile; fileRef = C4F9AE061A7C39D800B53DF8 /* Images.xcassets */; };
		C4F9AE0A1A7C39D800B53DF8 /* LaunchScreen.xib in Resources */ = {isa = PBXBuildFile; fileRef = C4F9AE081A7C39D800B53DF8 /* LaunchScreen.xib */; };
		C4F9AE161A7C39D800B53DF8 /* ProgrammaticConstraintsTests.swift in Sources */ = {isa = PBXBuildFile; fileRef = C4F9AE151A7C39D800B53DF8 /* ProgrammaticConstraintsTests.swift */; };
/* End PBXBuildFile section */

/* Begin PBXContainerItemProxy section */
		C4F9AE101A7C39D800B53DF8 /* PBXContainerItemProxy */ = {
			isa = PBXContainerItemProxy;
			containerPortal = C4F9ADF21A7C39D800B53DF8 /* Project object */;
			proxyType = 1;
			remoteGlobalIDString = C4F9ADF91A7C39D800B53DF8;
			remoteInfo = ProgrammaticConstraints;
		};
/* End PBXContainerItemProxy section */

/* Begin PBXFileReference section */
		C4F9ADFA1A7C39D800B53DF8 /* ProgrammaticConstraints.app */ = {isa = PBXFileReference; explicitFileType = wrapper.application; includeInIndex = 0; path = ProgrammaticConstraints.app; sourceTree = BUILT_PRODUCTS_DIR; };
		C4F9ADFE1A7C39D800B53DF8 /* Info.plist */ = {isa = PBXFileReference; lastKnownFileType = text.plist.xml; path = Info.plist; sourceTree = "<group>"; };
		C4F9ADFF1A7C39D800B53DF8 /* AppDelegate.swift */ = {isa = PBXFileReference; lastKnownFileType = sourcecode.swift; path = AppDelegate.swift; sourceTree = "<group>"; };
		C4F9AE011A7C39D800B53DF8 /* ViewController.swift */ = {isa = PBXFileReference; lastKnownFileType = sourcecode.swift; path = ViewController.swift; sourceTree = "<group>"; };
		C4F9AE041A7C39D800B53DF8 /* Base */ = {isa = PBXFileReference; lastKnownFileType = file.storyboard; name = Base; path = Base.lproj/Main.storyboard; sourceTree = "<group>"; };
		C4F9AE061A7C39D800B53DF8 /* Images.xcassets */ = {isa = PBXFileReference; lastKnownFileType = folder.assetcatalog; path = Images.xcassets; sourceTree = "<group>"; };
		C4F9AE091A7C39D800B53DF8 /* Base */ = {isa = PBXFileReference; lastKnownFileType = file.xib; name = Base; path = Base.lproj/LaunchScreen.xib; sourceTree = "<group>"; };
		C4F9AE0F1A7C39D800B53DF8 /* ProgrammaticConstraintsTests.xctest */ = {isa = PBXFileReference; explicitFileType = wrapper.cfbundle; includeInIndex = 0; path = ProgrammaticConstraintsTests.xctest; sourceTree = BUILT_PRODUCTS_DIR; };
		C4F9AE141A7C39D800B53DF8 /* Info.plist */ = {isa = PBXFileReference; lastKnownFileType = text.plist.xml; path = Info.plist; sourceTree = "<group>"; };
		C4F9AE151A7C39D800B53DF8 /* ProgrammaticConstraintsTests.swift */ = {isa = PBXFileReference; lastKnownFileType = sourcecode.swift; path = ProgrammaticConstraintsTests.swift; sourceTree = "<group>"; };
/* End PBXFileReference section */

/* Begin PBXFrameworksBuildPhase section */
		C4F9ADF71A7C39D800B53DF8 /* Frameworks */ = {
			isa = PBXFrameworksBuildPhase;
			buildActionMask = 2147483647;
			files = (
			);
			runOnlyForDeploymentPostprocessing = 0;
		};
		C4F9AE0C1A7C39D800B53DF8 /* Frameworks */ = {
			isa = PBXFrameworksBuildPhase;
			buildActionMask = 2147483647;
			files = (
			);
			runOnlyForDeploymentPostprocessing = 0;
		};
/* End PBXFrameworksBuildPhase section */

/* Begin PBXGroup section */
		C4F9ADF11A7C39D800B53DF8 = {
			isa = PBXGroup;
			children = (
				C4F9ADFC1A7C39D800B53DF8 /* ProgrammaticConstraints */,
				C4F9AE121A7C39D800B53DF8 /* ProgrammaticConstraintsTests */,
				C4F9ADFB1A7C39D800B53DF8 /* Products */,
			);
			sourceTree = "<group>";
		};
		C4F9ADFB1A7C39D800B53DF8 /* Products */ = {
			isa = PBXGroup;
			children = (
				C4F9ADFA1A7C39D800B53DF8 /* ProgrammaticConstraints.app */,
				C4F9AE0F1A7C39D800B53DF8 /* ProgrammaticConstraintsTests.xctest */,
			);
			name = Products;
			sourceTree = "<group>";
		};
		C4F9ADFC1A7C39D800B53DF8 /* ProgrammaticConstraints */ = {
			isa = PBXGroup;
			children = (
				C4F9ADFF1A7C39D800B53DF8 /* AppDelegate.swift */,
				C4F9AE011A7C39D800B53DF8 /* ViewController.swift */,
				C4F9AE031A7C39D800B53DF8 /* Main.storyboard */,
				C4F9AE061A7C39D800B53DF8 /* Images.xcassets */,
				C4F9AE081A7C39D800B53DF8 /* LaunchScreen.xib */,
				C4F9ADFD1A7C39D800B53DF8 /* Supporting Files */,
			);
			path = ProgrammaticConstraints;
			sourceTree = "<group>";
		};
		C4F9ADFD1A7C39D800B53DF8 /* Supporting Files */ = {
			isa = PBXGroup;
			children = (
				C4F9ADFE1A7C39D800B53DF8 /* Info.plist */,
			);
			name = "Supporting Files";
			sourceTree = "<group>";
		};
		C4F9AE121A7C39D800B53DF8 /* ProgrammaticConstraintsTests */ = {
			isa = PBXGroup;
			children = (
				C4F9AE151A7C39D800B53DF8 /* ProgrammaticConstraintsTests.swift */,
				C4F9AE131A7C39D800B53DF8 /* Supporting Files */,
			);
			path = ProgrammaticConstraintsTests;
			sourceTree = "<group>";
		};
		C4F9AE131A7C39D800B53DF8 /* Supporting Files */ = {
			isa = PBXGroup;
			children = (
				C4F9AE141A7C39D800B53DF8 /* Info.plist */,
			);
			name = "Supporting Files";
			sourceTree = "<group>";
		};
/* End PBXGroup section */

/* Begin PBXNativeTarget section */
		C4F9ADF91A7C39D800B53DF8 /* ProgrammaticConstraints */ = {
			isa = PBXNativeTarget;
			buildConfigurationList = C4F9AE191A7C39D800B53DF8 /* Build configuration list for PBXNativeTarget "ProgrammaticConstraints" */;
			buildPhases = (
				C4F9ADF61A7C39D800B53DF8 /* Sources */,
				C4F9ADF71A7C39D800B53DF8 /* Frameworks */,
				C4F9ADF81A7C39D800B53DF8 /* Resources */,
			);
			buildRules = (
			);
			dependencies = (
			);
			name = ProgrammaticConstraints;
			productName = ProgrammaticConstraints;
			productReference = C4F9ADFA1A7C39D800B53DF8 /* ProgrammaticConstraints.app */;
			productType = "com.apple.product-type.application";
		};
		C4F9AE0E1A7C39D800B53DF8 /* ProgrammaticConstraintsTests */ = {
			isa = PBXNativeTarget;
			buildConfigurationList = C4F9AE1C1A7C39D800B53DF8 /* Build configuration list for PBXNativeTarget "ProgrammaticConstraintsTests" */;
			buildPhases = (
				C4F9AE0B1A7C39D800B53DF8 /* Sources */,
				C4F9AE0C1A7C39D800B53DF8 /* Frameworks */,
				C4F9AE0D1A7C39D800B53DF8 /* Resources */,
			);
			buildRules = (
			);
			dependencies = (
				C4F9AE111A7C39D800B53DF8 /* PBXTargetDependency */,
			);
			name = ProgrammaticConstraintsTests;
			productName = ProgrammaticConstraintsTests;
			productReference = C4F9AE0F1A7C39D800B53DF8 /* ProgrammaticConstraintsTests.xctest */;
			productType = "com.apple.product-type.bundle.unit-test";
		};
/* End PBXNativeTarget section */

/* Begin PBXProject section */
		C4F9ADF21A7C39D800B53DF8 /* Project object */ = {
			isa = PBXProject;
			attributes = {
				LastUpgradeCheck = 0610;
				ORGANIZATIONNAME = FuquaProductions;
				TargetAttributes = {
					C4F9ADF91A7C39D800B53DF8 = {
						CreatedOnToolsVersion = 6.1.1;
					};
					C4F9AE0E1A7C39D800B53DF8 = {
						CreatedOnToolsVersion = 6.1.1;
						TestTargetID = C4F9ADF91A7C39D800B53DF8;
					};
				};
			};
			buildConfigurationList = C4F9ADF51A7C39D800B53DF8 /* Build configuration list for PBXProject "ProgrammaticConstraints" */;
			compatibilityVersion = "Xcode 3.2";
			developmentRegion = English;
			hasScannedForEncodings = 0;
			knownRegions = (
				en,
				Base,
			);
			mainGroup = C4F9ADF11A7C39D800B53DF8;
			productRefGroup = C4F9ADFB1A7C39D800B53DF8 /* Products */;
			projectDirPath = "";
			projectRoot = "";
			targets = (
				C4F9ADF91A7C39D800B53DF8 /* ProgrammaticConstraints */,
				C4F9AE0E1A7C39D800B53DF8 /* ProgrammaticConstraintsTests */,
			);
		};
/* End PBXProject section */

/* Begin PBXResourcesBuildPhase section */
		C4F9ADF81A7C39D800B53DF8 /* Resources */ = {
			isa = PBXResourcesBuildPhase;
			buildActionMask = 2147483647;
			files = (
				C4F9AE051A7C39D800B53DF8 /* Main.storyboard in Resources */,
				C4F9AE0A1A7C39D800B53DF8 /* LaunchScreen.xib in Resources */,
				C4F9AE071A7C39D800B53DF8 /* Images.xcassets in Resources */,
			);
			runOnlyForDeploymentPostprocessing = 0;
		};
		C4F9AE0D1A7C39D800B53DF8 /* Resources */ = {
			isa = PBXResourcesBuildPhase;
			buildActionMask = 2147483647;
			files = (
			);
			runOnlyForDeploymentPostprocessing = 0;
		};
/* End PBXResourcesBuildPhase section */

/* Begin PBXSourcesBuildPhase section */
		C4F9ADF61A7C39D800B53DF8 /* Sources */ = {
			isa = PBXSourcesBuildPhase;
			buildActionMask = 2147483647;
			files = (
				C4F9AE021A7C39D800B53DF8 /* ViewController.swift in Sources */,
				C4F9AE001A7C39D800B53DF8 /* AppDelegate.swift in Sources */,
			);
			runOnlyForDeploymentPostprocessing = 0;
		};
		C4F9AE0B1A7C39D800B53DF8 /* Sources */ = {
			isa = PBXSourcesBuildPhase;
			buildActionMask = 2147483647;
			files = (
				C4F9AE161A7C39D800B53DF8 /* ProgrammaticConstraintsTests.swift in Sources */,
			);
			runOnlyForDeploymentPostprocessing = 0;
		};
/* End PBXSourcesBuildPhase section */

/* Begin PBXTargetDependency section */
		C4F9AE111A7C39D800B53DF8 /* PBXTargetDependency */ = {
			isa = PBXTargetDependency;
			target = C4F9ADF91A7C39D800B53DF8 /* ProgrammaticConstraints */;
			targetProxy = C4F9AE101A7C39D800B53DF8 /* PBXContainerItemProxy */;
		};
/* End PBXTargetDependency section */

/* Begin PBXVariantGroup section */
		C4F9AE031A7C39D800B53DF8 /* Main.storyboard */ = {
			isa = PBXVariantGroup;
			children = (
				C4F9AE041A7C39D800B53DF8 /* Base */,
			);
			name = Main.storyboard;
			sourceTree = "<group>";
		};
		C4F9AE081A7C39D800B53DF8 /* LaunchScreen.xib */ = {
			isa = PBXVariantGroup;
			children = (
				C4F9AE091A7C39D800B53DF8 /* Base */,
			);
			name = LaunchScreen.xib;
			sourceTree = "<group>";
		};
/* End PBXVariantGroup section */

/* Begin XCBuildConfiguration section */
		C4F9AE171A7C39D800B53DF8 /* Debug */ = {
			isa = XCBuildConfiguration;
			buildSettings = {
				ALWAYS_SEARCH_USER_PATHS = NO;
				CLANG_CXX_LANGUAGE_STANDARD = "gnu++0x";
				CLANG_CXX_LIBRARY = "libc++";
				CLANG_ENABLE_MODULES = YES;
				CLANG_ENABLE_OBJC_ARC = YES;
				CLANG_WARN_BOOL_CONVERSION = YES;
				CLANG_WARN_CONSTANT_CONVERSION = YES;
				CLANG_WARN_DIRECT_OBJC_ISA_USAGE = YES_ERROR;
				CLANG_WARN_EMPTY_BODY = YES;
				CLANG_WARN_ENUM_CONVERSION = YES;
				CLANG_WARN_INT_CONVERSION = YES;
				CLANG_WARN_OBJC_ROOT_CLASS = YES_ERROR;
				CLANG_WARN_UNREACHABLE_CODE = YES;
				CLANG_WARN__DUPLICATE_METHOD_MATCH = YES;
				"CODE_SIGN_IDENTITY[sdk=iphoneos*]" = "iPhone Developer";
				COPY_PHASE_STRIP = NO;
				ENABLE_STRICT_OBJC_MSGSEND = YES;
				GCC_C_LANGUAGE_STANDARD = gnu99;
				GCC_DYNAMIC_NO_PIC = NO;
				GCC_OPTIMIZATION_LEVEL = 0;
				GCC_PREPROCESSOR_DEFINITIONS = (
					"DEBUG=1",
					"$(inherited)",
				);
				GCC_SYMBOLS_PRIVATE_EXTERN = NO;
				GCC_WARN_64_TO_32_BIT_CONVERSION = YES;
				GCC_WARN_ABOUT_RETURN_TYPE = YES_ERROR;
				GCC_WARN_UNDECLARED_SELECTOR = YES;
				GCC_WARN_UNINITIALIZED_AUTOS = YES_AGGRESSIVE;
				GCC_WARN_UNUSED_FUNCTION = YES;
				GCC_WARN_UNUSED_VARIABLE = YES;
				IPHONEOS_DEPLOYMENT_TARGET = 8.1;
				MTL_ENABLE_DEBUG_INFO = YES;
				ONLY_ACTIVE_ARCH = YES;
				SDKROOT = iphoneos;
				SWIFT_OPTIMIZATION_LEVEL = "-Onone";
				TARGETED_DEVICE_FAMILY = 2;
			};
			name = Debug;
		};
		C4F9AE181A7C39D800B53DF8 /* Release */ = {
			isa = XCBuildConfiguration;
			buildSettings = {
				ALWAYS_SEARCH_USER_PATHS = NO;
				CLANG_CXX_LANGUAGE_STANDARD = "gnu++0x";
				CLANG_CXX_LIBRARY = "libc++";
				CLANG_ENABLE_MODULES = YES;
				CLANG_ENABLE_OBJC_ARC = YES;
				CLANG_WARN_BOOL_CONVERSION = YES;
				CLANG_WARN_CONSTANT_CONVERSION = YES;
				CLANG_WARN_DIRECT_OBJC_ISA_USAGE = YES_ERROR;
				CLANG_WARN_EMPTY_BODY = YES;
				CLANG_WARN_ENUM_CONVERSION = YES;
				CLANG_WARN_INT_CONVERSION = YES;
				CLANG_WARN_OBJC_ROOT_CLASS = YES_ERROR;
				CLANG_WARN_UNREACHABLE_CODE = YES;
				CLANG_WARN__DUPLICATE_METHOD_MATCH = YES;
				"CODE_SIGN_IDENTITY[sdk=iphoneos*]" = "iPhone Developer";
				COPY_PHASE_STRIP = YES;
				ENABLE_NS_ASSERTIONS = NO;
				ENABLE_STRICT_OBJC_MSGSEND = YES;
				GCC_C_LANGUAGE_STANDARD = gnu99;
				GCC_WARN_64_TO_32_BIT_CONVERSION = YES;
				GCC_WARN_ABOUT_RETURN_TYPE = YES_ERROR;
				GCC_WARN_UNDECLARED_SELECTOR = YES;
				GCC_WARN_UNINITIALIZED_AUTOS = YES_AGGRESSIVE;
				GCC_WARN_UNUSED_FUNCTION = YES;
				GCC_WARN_UNUSED_VARIABLE = YES;
				IPHONEOS_DEPLOYMENT_TARGET = 8.1;
				MTL_ENABLE_DEBUG_INFO = NO;
				SDKROOT = iphoneos;
				TARGETED_DEVICE_FAMILY = 2;
				VALIDATE_PRODUCT = YES;
			};
			name = Release;
		};
		C4F9AE1A1A7C39D800B53DF8 /* Debug */ = {
			isa = XCBuildConfiguration;
			buildSettings = {
				ASSETCATALOG_COMPILER_APPICON_NAME = AppIcon;
				INFOPLIST_FILE = ProgrammaticConstraints/Info.plist;
				LD_RUNPATH_SEARCH_PATHS = "$(inherited) @executable_path/Frameworks";
				PRODUCT_NAME = "$(TARGET_NAME)";
			};
			name = Debug;
		};
		C4F9AE1B1A7C39D800B53DF8 /* Release */ = {
			isa = XCBuildConfiguration;
			buildSettings = {
				ASSETCATALOG_COMPILER_APPICON_NAME = AppIcon;
				INFOPLIST_FILE = ProgrammaticConstraints/Info.plist;
				LD_RUNPATH_SEARCH_PATHS = "$(inherited) @executable_path/Frameworks";
				PRODUCT_NAME = "$(TARGET_NAME)";
			};
			name = Release;
		};
		C4F9AE1D1A7C39D800B53DF8 /* Debug */ = {
			isa = XCBuildConfiguration;
			buildSettings = {
				BUNDLE_LOADER = "$(TEST_HOST)";
				FRAMEWORK_SEARCH_PATHS = (
					"$(SDKROOT)/Developer/Library/Frameworks",
					"$(inherited)",
				);
				GCC_PREPROCESSOR_DEFINITIONS = (
					"DEBUG=1",
					"$(inherited)",
				);
				INFOPLIST_FILE = ProgrammaticConstraintsTests/Info.plist;
				LD_RUNPATH_SEARCH_PATHS = "$(inherited) @executable_path/Frameworks @loader_path/Frameworks";
				PRODUCT_NAME = "$(TARGET_NAME)";
				TEST_HOST = "$(BUILT_PRODUCTS_DIR)/ProgrammaticConstraints.app/ProgrammaticConstraints";
			};
			name = Debug;
		};
		C4F9AE1E1A7C39D800B53DF8 /* Release */ = {
			isa = XCBuildConfiguration;
			buildSettings = {
				BUNDLE_LOADER = "$(TEST_HOST)";
				FRAMEWORK_SEARCH_PATHS = (
					"$(SDKROOT)/Developer/Library/Frameworks",
					"$(inherited)",
				);
				INFOPLIST_FILE = ProgrammaticConstraintsTests/Info.plist;
				LD_RUNPATH_SEARCH_PATHS = "$(inherited) @executable_path/Frameworks @loader_path/Frameworks";
				PRODUCT_NAME = "$(TARGET_NAME)";
				TEST_HOST = "$(BUILT_PRODUCTS_DIR)/ProgrammaticConstraints.app/ProgrammaticConstraints";
			};
			name = Release;
		};
/* End XCBuildConfiguration section */

/* Begin XCConfigurationList section */
		C4F9ADF51A7C39D800B53DF8 /* Build configuration list for PBXProject "ProgrammaticConstraints" */ = {
			isa = XCConfigurationList;
			buildConfigurations = (
				C4F9AE171A7C39D800B53DF8 /* Debug */,
				C4F9AE181A7C39D800B53DF8 /* Release */,
			);
			defaultConfigurationIsVisible = 0;
			defaultConfigurationName = Release;
		};
		C4F9AE191A7C39D800B53DF8 /* Build configuration list for PBXNativeTarget "ProgrammaticConstraints" */ = {
			isa = XCConfigurationList;
			buildConfigurations = (
				C4F9AE1A1A7C39D800B53DF8 /* Debug */,
				C4F9AE1B1A7C39D800B53DF8 /* Release */,
			);
			defaultConfigurationIsVisible = 0;
		};
		C4F9AE1C1A7C39D800B53DF8 /* Build configuration list for PBXNativeTarget "ProgrammaticConstraintsTests" */ = {
			isa = XCConfigurationList;
			buildConfigurations = (
				C4F9AE1D1A7C39D800B53DF8 /* Debug */,
				C4F9AE1E1A7C39D800B53DF8 /* Release */,
			);
			defaultConfigurationIsVisible = 0;
		};
/* End XCConfigurationList section */
	};
	rootObject = C4F9ADF21A7C39D800B53DF8 /* Project object */;
}
