// !$*UTF8*$!
{
	archiveVersion = 1;
	classes = {
	};
	objectVersion = 50;
	objects = {

/* Begin PBXBuildFile section */
		C40FB94E22C1D6850051E2AD /* AppDelegate.swift in Sources */ = {isa = PBXBuildFile; fileRef = C40FB94D22C1D6850051E2AD /* AppDelegate.swift */; };
		C40FB95022C1D6850051E2AD /* ViewController.swift in Sources */ = {isa = PBXBuildFile; fileRef = C40FB94F22C1D6850051E2AD /* ViewController.swift */; };
		C40FB95322C1D6850051E2AD /* Main.storyboard in Resources */ = {isa = PBXBuildFile; fileRef = C40FB95122C1D6850051E2AD /* Main.storyboard */; };
		C40FB95622C1D6850051E2AD /* DijkstrasAlgorithm.xcdatamodeld in Sources */ = {isa = PBXBuildFile; fileRef = C40FB95422C1D6850051E2AD /* DijkstrasAlgorithm.xcdatamodeld */; };
		C40FB95822C1D6870051E2AD /* Assets.xcassets in Resources */ = {isa = PBXBuildFile; fileRef = C40FB95722C1D6870051E2AD /* Assets.xcassets */; };
		C40FB95B22C1D6870051E2AD /* LaunchScreen.storyboard in Resources */ = {isa = PBXBuildFile; fileRef = C40FB95922C1D6870051E2AD /* LaunchScreen.storyboard */; };
		C40FB96622C1D6870051E2AD /* DijkstrasAlgorithmTests.swift in Sources */ = {isa = PBXBuildFile; fileRef = C40FB96522C1D6870051E2AD /* DijkstrasAlgorithmTests.swift */; };
/* End PBXBuildFile section */

/* Begin PBXContainerItemProxy section */
		C40FB96222C1D6870051E2AD /* PBXContainerItemProxy */ = {
			isa = PBXContainerItemProxy;
			containerPortal = C40FB94222C1D6850051E2AD /* Project object */;
			proxyType = 1;
			remoteGlobalIDString = C40FB94922C1D6850051E2AD;
			remoteInfo = DijkstrasAlgorithm;
		};
/* End PBXContainerItemProxy section */

/* Begin PBXFileReference section */
		C40FB94A22C1D6850051E2AD /* DijkstrasAlgorithm.app */ = {isa = PBXFileReference; explicitFileType = wrapper.application; includeInIndex = 0; path = DijkstrasAlgorithm.app; sourceTree = BUILT_PRODUCTS_DIR; };
		C40FB94D22C1D6850051E2AD /* AppDelegate.swift */ = {isa = PBXFileReference; lastKnownFileType = sourcecode.swift; path = AppDelegate.swift; sourceTree = "<group>"; };
		C40FB94F22C1D6850051E2AD /* ViewController.swift */ = {isa = PBXFileReference; lastKnownFileType = sourcecode.swift; path = ViewController.swift; sourceTree = "<group>"; };
		C40FB95222C1D6850051E2AD /* Base */ = {isa = PBXFileReference; lastKnownFileType = file.storyboard; name = Base; path = Base.lproj/Main.storyboard; sourceTree = "<group>"; };
		C40FB95522C1D6850051E2AD /* DijkstrasAlgorithm.xcdatamodel */ = {isa = PBXFileReference; lastKnownFileType = wrapper.xcdatamodel; path = DijkstrasAlgorithm.xcdatamodel; sourceTree = "<group>"; };
		C40FB95722C1D6870051E2AD /* Assets.xcassets */ = {isa = PBXFileReference; lastKnownFileType = folder.assetcatalog; path = Assets.xcassets; sourceTree = "<group>"; };
		C40FB95A22C1D6870051E2AD /* Base */ = {isa = PBXFileReference; lastKnownFileType = file.storyboard; name = Base; path = Base.lproj/LaunchScreen.storyboard; sourceTree = "<group>"; };
		C40FB95C22C1D6870051E2AD /* Info.plist */ = {isa = PBXFileReference; lastKnownFileType = text.plist.xml; path = Info.plist; sourceTree = "<group>"; };
		C40FB96122C1D6870051E2AD /* DijkstrasAlgorithmTests.xctest */ = {isa = PBXFileReference; explicitFileType = wrapper.cfbundle; includeInIndex = 0; path = DijkstrasAlgorithmTests.xctest; sourceTree = BUILT_PRODUCTS_DIR; };
		C40FB96522C1D6870051E2AD /* DijkstrasAlgorithmTests.swift */ = {isa = PBXFileReference; lastKnownFileType = sourcecode.swift; path = DijkstrasAlgorithmTests.swift; sourceTree = "<group>"; };
		C40FB96722C1D6870051E2AD /* Info.plist */ = {isa = PBXFileReference; lastKnownFileType = text.plist.xml; path = Info.plist; sourceTree = "<group>"; };
/* End PBXFileReference section */

/* Begin PBXFrameworksBuildPhase section */
		C40FB94722C1D6850051E2AD /* Frameworks */ = {
			isa = PBXFrameworksBuildPhase;
			buildActionMask = 2147483647;
			files = (
			);
			runOnlyForDeploymentPostprocessing = 0;
		};
		C40FB95E22C1D6870051E2AD /* Frameworks */ = {
			isa = PBXFrameworksBuildPhase;
			buildActionMask = 2147483647;
			files = (
			);
			runOnlyForDeploymentPostprocessing = 0;
		};
/* End PBXFrameworksBuildPhase section */

/* Begin PBXGroup section */
		C40FB94122C1D6850051E2AD = {
			isa = PBXGroup;
			children = (
				C40FB94C22C1D6850051E2AD /* DijkstrasAlgorithm */,
				C40FB96422C1D6870051E2AD /* DijkstrasAlgorithmTests */,
				C40FB94B22C1D6850051E2AD /* Products */,
			);
			sourceTree = "<group>";
		};
		C40FB94B22C1D6850051E2AD /* Products */ = {
			isa = PBXGroup;
			children = (
				C40FB94A22C1D6850051E2AD /* DijkstrasAlgorithm.app */,
				C40FB96122C1D6870051E2AD /* DijkstrasAlgorithmTests.xctest */,
			);
			name = Products;
			sourceTree = "<group>";
		};
		C40FB94C22C1D6850051E2AD /* DijkstrasAlgorithm */ = {
			isa = PBXGroup;
			children = (
				C40FB94D22C1D6850051E2AD /* AppDelegate.swift */,
				C40FB94F22C1D6850051E2AD /* ViewController.swift */,
				C40FB95122C1D6850051E2AD /* Main.storyboard */,
				C40FB95722C1D6870051E2AD /* Assets.xcassets */,
				C40FB95922C1D6870051E2AD /* LaunchScreen.storyboard */,
				C40FB95C22C1D6870051E2AD /* Info.plist */,
				C40FB95422C1D6850051E2AD /* DijkstrasAlgorithm.xcdatamodeld */,
			);
			path = DijkstrasAlgorithm;
			sourceTree = "<group>";
		};
		C40FB96422C1D6870051E2AD /* DijkstrasAlgorithmTests */ = {
			isa = PBXGroup;
			children = (
				C40FB96522C1D6870051E2AD /* DijkstrasAlgorithmTests.swift */,
				C40FB96722C1D6870051E2AD /* Info.plist */,
			);
			path = DijkstrasAlgorithmTests;
			sourceTree = "<group>";
		};
/* End PBXGroup section */

/* Begin PBXNativeTarget section */
		C40FB94922C1D6850051E2AD /* DijkstrasAlgorithm */ = {
			isa = PBXNativeTarget;
			buildConfigurationList = C40FB96A22C1D6870051E2AD /* Build configuration list for PBXNativeTarget "DijkstrasAlgorithm" */;
			buildPhases = (
				C40FB94622C1D6850051E2AD /* Sources */,
				C40FB94722C1D6850051E2AD /* Frameworks */,
				C40FB94822C1D6850051E2AD /* Resources */,
			);
			buildRules = (
			);
			dependencies = (
			);
			name = DijkstrasAlgorithm;
			productName = DijkstrasAlgorithm;
			productReference = C40FB94A22C1D6850051E2AD /* DijkstrasAlgorithm.app */;
			productType = "com.apple.product-type.application";
		};
		C40FB96022C1D6870051E2AD /* DijkstrasAlgorithmTests */ = {
			isa = PBXNativeTarget;
			buildConfigurationList = C40FB96D22C1D6870051E2AD /* Build configuration list for PBXNativeTarget "DijkstrasAlgorithmTests" */;
			buildPhases = (
				C40FB95D22C1D6870051E2AD /* Sources */,
				C40FB95E22C1D6870051E2AD /* Frameworks */,
				C40FB95F22C1D6870051E2AD /* Resources */,
			);
			buildRules = (
			);
			dependencies = (
				C40FB96322C1D6870051E2AD /* PBXTargetDependency */,
			);
			name = DijkstrasAlgorithmTests;
			productName = DijkstrasAlgorithmTests;
			productReference = C40FB96122C1D6870051E2AD /* DijkstrasAlgorithmTests.xctest */;
			productType = "com.apple.product-type.bundle.unit-test";
		};
/* End PBXNativeTarget section */

/* Begin PBXProject section */
		C40FB94222C1D6850051E2AD /* Project object */ = {
			isa = PBXProject;
			attributes = {
				LastSwiftUpdateCheck = 1010;
				LastUpgradeCheck = 1010;
				ORGANIZATIONNAME = "Norswedgian Studios";
				TargetAttributes = {
					C40FB94922C1D6850051E2AD = {
						CreatedOnToolsVersion = 10.1;
					};
					C40FB96022C1D6870051E2AD = {
						CreatedOnToolsVersion = 10.1;
						TestTargetID = C40FB94922C1D6850051E2AD;
					};
				};
			};
			buildConfigurationList = C40FB94522C1D6850051E2AD /* Build configuration list for PBXProject "DijkstrasAlgorithm" */;
			compatibilityVersion = "Xcode 9.3";
			developmentRegion = en;
			hasScannedForEncodings = 0;
			knownRegions = (
				en,
				Base,
			);
			mainGroup = C40FB94122C1D6850051E2AD;
			productRefGroup = C40FB94B22C1D6850051E2AD /* Products */;
			projectDirPath = "";
			projectRoot = "";
			targets = (
				C40FB94922C1D6850051E2AD /* DijkstrasAlgorithm */,
				C40FB96022C1D6870051E2AD /* DijkstrasAlgorithmTests */,
			);
		};
/* End PBXProject section */

/* Begin PBXResourcesBuildPhase section */
		C40FB94822C1D6850051E2AD /* Resources */ = {
			isa = PBXResourcesBuildPhase;
			buildActionMask = 2147483647;
			files = (
				C40FB95B22C1D6870051E2AD /* LaunchScreen.storyboard in Resources */,
				C40FB95822C1D6870051E2AD /* Assets.xcassets in Resources */,
				C40FB95322C1D6850051E2AD /* Main.storyboard in Resources */,
			);
			runOnlyForDeploymentPostprocessing = 0;
		};
		C40FB95F22C1D6870051E2AD /* Resources */ = {
			isa = PBXResourcesBuildPhase;
			buildActionMask = 2147483647;
			files = (
			);
			runOnlyForDeploymentPostprocessing = 0;
		};
/* End PBXResourcesBuildPhase section */

/* Begin PBXSourcesBuildPhase section */
		C40FB94622C1D6850051E2AD /* Sources */ = {
			isa = PBXSourcesBuildPhase;
			buildActionMask = 2147483647;
			files = (
				C40FB95622C1D6850051E2AD /* DijkstrasAlgorithm.xcdatamodeld in Sources */,
				C40FB95022C1D6850051E2AD /* ViewController.swift in Sources */,
				C40FB94E22C1D6850051E2AD /* AppDelegate.swift in Sources */,
			);
			runOnlyForDeploymentPostprocessing = 0;
		};
		C40FB95D22C1D6870051E2AD /* Sources */ = {
			isa = PBXSourcesBuildPhase;
			buildActionMask = 2147483647;
			files = (
				C40FB96622C1D6870051E2AD /* DijkstrasAlgorithmTests.swift in Sources */,
			);
			runOnlyForDeploymentPostprocessing = 0;
		};
/* End PBXSourcesBuildPhase section */

/* Begin PBXTargetDependency section */
		C40FB96322C1D6870051E2AD /* PBXTargetDependency */ = {
			isa = PBXTargetDependency;
			target = C40FB94922C1D6850051E2AD /* DijkstrasAlgorithm */;
			targetProxy = C40FB96222C1D6870051E2AD /* PBXContainerItemProxy */;
		};
/* End PBXTargetDependency section */

/* Begin PBXVariantGroup section */
		C40FB95122C1D6850051E2AD /* Main.storyboard */ = {
			isa = PBXVariantGroup;
			children = (
				C40FB95222C1D6850051E2AD /* Base */,
			);
			name = Main.storyboard;
			sourceTree = "<group>";
		};
		C40FB95922C1D6870051E2AD /* LaunchScreen.storyboard */ = {
			isa = PBXVariantGroup;
			children = (
				C40FB95A22C1D6870051E2AD /* Base */,
			);
			name = LaunchScreen.storyboard;
			sourceTree = "<group>";
		};
/* End PBXVariantGroup section */

/* Begin XCBuildConfiguration section */
		C40FB96822C1D6870051E2AD /* Debug */ = {
			isa = XCBuildConfiguration;
			buildSettings = {
				ALWAYS_SEARCH_USER_PATHS = NO;
				CLANG_ANALYZER_NONNULL = YES;
				CLANG_ANALYZER_NUMBER_OBJECT_CONVERSION = YES_AGGRESSIVE;
				CLANG_CXX_LANGUAGE_STANDARD = "gnu++14";
				CLANG_CXX_LIBRARY = "libc++";
				CLANG_ENABLE_MODULES = YES;
				CLANG_ENABLE_OBJC_ARC = YES;
				CLANG_ENABLE_OBJC_WEAK = YES;
				CLANG_WARN_BLOCK_CAPTURE_AUTORELEASING = YES;
				CLANG_WARN_BOOL_CONVERSION = YES;
				CLANG_WARN_COMMA = YES;
				CLANG_WARN_CONSTANT_CONVERSION = YES;
				CLANG_WARN_DEPRECATED_OBJC_IMPLEMENTATIONS = YES;
				CLANG_WARN_DIRECT_OBJC_ISA_USAGE = YES_ERROR;
				CLANG_WARN_DOCUMENTATION_COMMENTS = YES;
				CLANG_WARN_EMPTY_BODY = YES;
				CLANG_WARN_ENUM_CONVERSION = YES;
				CLANG_WARN_INFINITE_RECURSION = YES;
				CLANG_WARN_INT_CONVERSION = YES;
				CLANG_WARN_NON_LITERAL_NULL_CONVERSION = YES;
				CLANG_WARN_OBJC_IMPLICIT_RETAIN_SELF = YES;
				CLANG_WARN_OBJC_LITERAL_CONVERSION = YES;
				CLANG_WARN_OBJC_ROOT_CLASS = YES_ERROR;
				CLANG_WARN_RANGE_LOOP_ANALYSIS = YES;
				CLANG_WARN_STRICT_PROTOTYPES = YES;
				CLANG_WARN_SUSPICIOUS_MOVE = YES;
				CLANG_WARN_UNGUARDED_AVAILABILITY = YES_AGGRESSIVE;
				CLANG_WARN_UNREACHABLE_CODE = YES;
				CLANG_WARN__DUPLICATE_METHOD_MATCH = YES;
				CODE_SIGN_IDENTITY = "iPhone Developer";
				COPY_PHASE_STRIP = NO;
				DEBUG_INFORMATION_FORMAT = dwarf;
				ENABLE_STRICT_OBJC_MSGSEND = YES;
				ENABLE_TESTABILITY = YES;
				GCC_C_LANGUAGE_STANDARD = gnu11;
				GCC_DYNAMIC_NO_PIC = NO;
				GCC_NO_COMMON_BLOCKS = YES;
				GCC_OPTIMIZATION_LEVEL = 0;
				GCC_PREPROCESSOR_DEFINITIONS = (
					"DEBUG=1",
					"$(inherited)",
				);
				GCC_WARN_64_TO_32_BIT_CONVERSION = YES;
				GCC_WARN_ABOUT_RETURN_TYPE = YES_ERROR;
				GCC_WARN_UNDECLARED_SELECTOR = YES;
				GCC_WARN_UNINITIALIZED_AUTOS = YES_AGGRESSIVE;
				GCC_WARN_UNUSED_FUNCTION = YES;
				GCC_WARN_UNUSED_VARIABLE = YES;
				IPHONEOS_DEPLOYMENT_TARGET = 12.1;
				MTL_ENABLE_DEBUG_INFO = INCLUDE_SOURCE;
				MTL_FAST_MATH = YES;
				ONLY_ACTIVE_ARCH = YES;
				SDKROOT = iphoneos;
				SWIFT_ACTIVE_COMPILATION_CONDITIONS = DEBUG;
				SWIFT_OPTIMIZATION_LEVEL = "-Onone";
			};
			name = Debug;
		};
		C40FB96922C1D6870051E2AD /* Release */ = {
			isa = XCBuildConfiguration;
			buildSettings = {
				ALWAYS_SEARCH_USER_PATHS = NO;
				CLANG_ANALYZER_NONNULL = YES;
				CLANG_ANALYZER_NUMBER_OBJECT_CONVERSION = YES_AGGRESSIVE;
				CLANG_CXX_LANGUAGE_STANDARD = "gnu++14";
				CLANG_CXX_LIBRARY = "libc++";
				CLANG_ENABLE_MODULES = YES;
				CLANG_ENABLE_OBJC_ARC = YES;
				CLANG_ENABLE_OBJC_WEAK = YES;
				CLANG_WARN_BLOCK_CAPTURE_AUTORELEASING = YES;
				CLANG_WARN_BOOL_CONVERSION = YES;
				CLANG_WARN_COMMA = YES;
				CLANG_WARN_CONSTANT_CONVERSION = YES;
				CLANG_WARN_DEPRECATED_OBJC_IMPLEMENTATIONS = YES;
				CLANG_WARN_DIRECT_OBJC_ISA_USAGE = YES_ERROR;
				CLANG_WARN_DOCUMENTATION_COMMENTS = YES;
				CLANG_WARN_EMPTY_BODY = YES;
				CLANG_WARN_ENUM_CONVERSION = YES;
				CLANG_WARN_INFINITE_RECURSION = YES;
				CLANG_WARN_INT_CONVERSION = YES;
				CLANG_WARN_NON_LITERAL_NULL_CONVERSION = YES;
				CLANG_WARN_OBJC_IMPLICIT_RETAIN_SELF = YES;
				CLANG_WARN_OBJC_LITERAL_CONVERSION = YES;
				CLANG_WARN_OBJC_ROOT_CLASS = YES_ERROR;
				CLANG_WARN_RANGE_LOOP_ANALYSIS = YES;
				CLANG_WARN_STRICT_PROTOTYPES = YES;
				CLANG_WARN_SUSPICIOUS_MOVE = YES;
				CLANG_WARN_UNGUARDED_AVAILABILITY = YES_AGGRESSIVE;
				CLANG_WARN_UNREACHABLE_CODE = YES;
				CLANG_WARN__DUPLICATE_METHOD_MATCH = YES;
				CODE_SIGN_IDENTITY = "iPhone Developer";
				COPY_PHASE_STRIP = NO;
				DEBUG_INFORMATION_FORMAT = "dwarf-with-dsym";
				ENABLE_NS_ASSERTIONS = NO;
				ENABLE_STRICT_OBJC_MSGSEND = YES;
				GCC_C_LANGUAGE_STANDARD = gnu11;
				GCC_NO_COMMON_BLOCKS = YES;
				GCC_WARN_64_TO_32_BIT_CONVERSION = YES;
				GCC_WARN_ABOUT_RETURN_TYPE = YES_ERROR;
				GCC_WARN_UNDECLARED_SELECTOR = YES;
				GCC_WARN_UNINITIALIZED_AUTOS = YES_AGGRESSIVE;
				GCC_WARN_UNUSED_FUNCTION = YES;
				GCC_WARN_UNUSED_VARIABLE = YES;
				IPHONEOS_DEPLOYMENT_TARGET = 12.1;
				MTL_ENABLE_DEBUG_INFO = NO;
				MTL_FAST_MATH = YES;
				SDKROOT = iphoneos;
				SWIFT_COMPILATION_MODE = wholemodule;
				SWIFT_OPTIMIZATION_LEVEL = "-O";
				VALIDATE_PRODUCT = YES;
			};
			name = Release;
		};
		C40FB96B22C1D6870051E2AD /* Debug */ = {
			isa = XCBuildConfiguration;
			buildSettings = {
				ASSETCATALOG_COMPILER_APPICON_NAME = AppIcon;
				CODE_SIGN_STYLE = Automatic;
				DEVELOPMENT_TEAM = VW6Y7C6854;
				INFOPLIST_FILE = DijkstrasAlgorithm/Info.plist;
				LD_RUNPATH_SEARCH_PATHS = (
					"$(inherited)",
					"@executable_path/Frameworks",
				);
				PRODUCT_BUNDLE_IDENTIFIER = com.NorswedgianStudios.DijkstrasAlgorithm;
				PRODUCT_NAME = "$(TARGET_NAME)";
				SWIFT_VERSION = 4.2;
				TARGETED_DEVICE_FAMILY = "1,2";
			};
			name = Debug;
		};
		C40FB96C22C1D6870051E2AD /* Release */ = {
			isa = XCBuildConfiguration;
			buildSettings = {
				ASSETCATALOG_COMPILER_APPICON_NAME = AppIcon;
				CODE_SIGN_STYLE = Automatic;
				DEVELOPMENT_TEAM = VW6Y7C6854;
				INFOPLIST_FILE = DijkstrasAlgorithm/Info.plist;
				LD_RUNPATH_SEARCH_PATHS = (
					"$(inherited)",
					"@executable_path/Frameworks",
				);
				PRODUCT_BUNDLE_IDENTIFIER = com.NorswedgianStudios.DijkstrasAlgorithm;
				PRODUCT_NAME = "$(TARGET_NAME)";
				SWIFT_VERSION = 4.2;
				TARGETED_DEVICE_FAMILY = "1,2";
			};
			name = Release;
		};
		C40FB96E22C1D6870051E2AD /* Debug */ = {
			isa = XCBuildConfiguration;
			buildSettings = {
				ALWAYS_EMBED_SWIFT_STANDARD_LIBRARIES = YES;
				BUNDLE_LOADER = "$(TEST_HOST)";
				CODE_SIGN_STYLE = Automatic;
				DEVELOPMENT_TEAM = VW6Y7C6854;
				INFOPLIST_FILE = DijkstrasAlgorithmTests/Info.plist;
				LD_RUNPATH_SEARCH_PATHS = (
					"$(inherited)",
					"@executable_path/Frameworks",
					"@loader_path/Frameworks",
				);
				PRODUCT_BUNDLE_IDENTIFIER = com.NorswedgianStudios.DijkstrasAlgorithmTests;
				PRODUCT_NAME = "$(TARGET_NAME)";
				SWIFT_VERSION = 4.2;
				TARGETED_DEVICE_FAMILY = "1,2";
				TEST_HOST = "$(BUILT_PRODUCTS_DIR)/DijkstrasAlgorithm.app/DijkstrasAlgorithm";
			};
			name = Debug;
		};
		C40FB96F22C1D6870051E2AD /* Release */ = {
			isa = XCBuildConfiguration;
			buildSettings = {
				ALWAYS_EMBED_SWIFT_STANDARD_LIBRARIES = YES;
				BUNDLE_LOADER = "$(TEST_HOST)";
				CODE_SIGN_STYLE = Automatic;
				DEVELOPMENT_TEAM = VW6Y7C6854;
				INFOPLIST_FILE = DijkstrasAlgorithmTests/Info.plist;
				LD_RUNPATH_SEARCH_PATHS = (
					"$(inherited)",
					"@executable_path/Frameworks",
					"@loader_path/Frameworks",
				);
				PRODUCT_BUNDLE_IDENTIFIER = com.NorswedgianStudios.DijkstrasAlgorithmTests;
				PRODUCT_NAME = "$(TARGET_NAME)";
				SWIFT_VERSION = 4.2;
				TARGETED_DEVICE_FAMILY = "1,2";
				TEST_HOST = "$(BUILT_PRODUCTS_DIR)/DijkstrasAlgorithm.app/DijkstrasAlgorithm";
			};
			name = Release;
		};
/* End XCBuildConfiguration section */

/* Begin XCConfigurationList section */
		C40FB94522C1D6850051E2AD /* Build configuration list for PBXProject "DijkstrasAlgorithm" */ = {
			isa = XCConfigurationList;
			buildConfigurations = (
				C40FB96822C1D6870051E2AD /* Debug */,
				C40FB96922C1D6870051E2AD /* Release */,
			);
			defaultConfigurationIsVisible = 0;
			defaultConfigurationName = Release;
		};
		C40FB96A22C1D6870051E2AD /* Build configuration list for PBXNativeTarget "DijkstrasAlgorithm" */ = {
			isa = XCConfigurationList;
			buildConfigurations = (
				C40FB96B22C1D6870051E2AD /* Debug */,
				C40FB96C22C1D6870051E2AD /* Release */,
			);
			defaultConfigurationIsVisible = 0;
			defaultConfigurationName = Release;
		};
		C40FB96D22C1D6870051E2AD /* Build configuration list for PBXNativeTarget "DijkstrasAlgorithmTests" */ = {
			isa = XCConfigurationList;
			buildConfigurations = (
				C40FB96E22C1D6870051E2AD /* Debug */,
				C40FB96F22C1D6870051E2AD /* Release */,
			);
			defaultConfigurationIsVisible = 0;
			defaultConfigurationName = Release;
		};
/* End XCConfigurationList section */

/* Begin XCVersionGroup section */
		C40FB95422C1D6850051E2AD /* DijkstrasAlgorithm.xcdatamodeld */ = {
			isa = XCVersionGroup;
			children = (
				C40FB95522C1D6850051E2AD /* DijkstrasAlgorithm.xcdatamodel */,
			);
			currentVersion = C40FB95522C1D6850051E2AD /* DijkstrasAlgorithm.xcdatamodel */;
			path = DijkstrasAlgorithm.xcdatamodeld;
			sourceTree = "<group>";
			versionGroupType = wrapper.xcdatamodel;
		};
/* End XCVersionGroup section */
	};
	rootObject = C40FB94222C1D6850051E2AD /* Project object */;
}
