// !$*UTF8*$!
{
	archiveVersion = 1;
	classes = {
	};
	objectVersion = 46;
	objects = {

/* Begin PBXBuildFile section */
		C441FEF81A687096007ED3B9 /* AppDelegate.swift in Sources */ = {isa = PBXBuildFile; fileRef = C441FEF71A687096007ED3B9 /* AppDelegate.swift */; };
		C441FEFA1A687096007ED3B9 /* ViewController.swift in Sources */ = {isa = PBXBuildFile; fileRef = C441FEF91A687096007ED3B9 /* ViewController.swift */; };
		C441FEFD1A687096007ED3B9 /* Main.storyboard in Resources */ = {isa = PBXBuildFile; fileRef = C441FEFB1A687096007ED3B9 /* Main.storyboard */; };
		C441FEFF1A687096007ED3B9 /* Images.xcassets in Resources */ = {isa = PBXBuildFile; fileRef = C441FEFE1A687096007ED3B9 /* Images.xcassets */; };
		C441FF021A687096007ED3B9 /* LaunchScreen.xib in Resources */ = {isa = PBXBuildFile; fileRef = C441FF001A687096007ED3B9 /* LaunchScreen.xib */; };
		C441FF0E1A687096007ED3B9 /* MonitoredEmployeeCellExampleTests.swift in Sources */ = {isa = PBXBuildFile; fileRef = C441FF0D1A687096007ED3B9 /* MonitoredEmployeeCellExampleTests.swift */; };
		C441FF4A1A69BDDD007ED3B9 /* MonitoredEmployeeData.swift in Sources */ = {isa = PBXBuildFile; fileRef = C441FF491A69BDDD007ED3B9 /* MonitoredEmployeeData.swift */; };
		C441FF7F1A6D9236007ED3B9 /* MonitoredEmployeeCell.xib in Resources */ = {isa = PBXBuildFile; fileRef = C441FF7E1A6D9236007ED3B9 /* MonitoredEmployeeCell.xib */; };
		C441FF811A6DABFA007ED3B9 /* MonitoredEmployeeCell.swift in Sources */ = {isa = PBXBuildFile; fileRef = C441FF801A6DABFA007ED3B9 /* MonitoredEmployeeCell.swift */; };
/* End PBXBuildFile section */

/* Begin PBXContainerItemProxy section */
		C441FF081A687096007ED3B9 /* PBXContainerItemProxy */ = {
			isa = PBXContainerItemProxy;
			containerPortal = C441FEEA1A687096007ED3B9 /* Project object */;
			proxyType = 1;
			remoteGlobalIDString = C441FEF11A687096007ED3B9;
			remoteInfo = MonitoredEmployeeCellExample;
		};
/* End PBXContainerItemProxy section */

/* Begin PBXFileReference section */
		C441FEF21A687096007ED3B9 /* MonitoredEmployeeCellExample.app */ = {isa = PBXFileReference; explicitFileType = wrapper.application; includeInIndex = 0; path = MonitoredEmployeeCellExample.app; sourceTree = BUILT_PRODUCTS_DIR; };
		C441FEF61A687096007ED3B9 /* Info.plist */ = {isa = PBXFileReference; lastKnownFileType = text.plist.xml; path = Info.plist; sourceTree = "<group>"; };
		C441FEF71A687096007ED3B9 /* AppDelegate.swift */ = {isa = PBXFileReference; lastKnownFileType = sourcecode.swift; path = AppDelegate.swift; sourceTree = "<group>"; };
		C441FEF91A687096007ED3B9 /* ViewController.swift */ = {isa = PBXFileReference; lastKnownFileType = sourcecode.swift; path = ViewController.swift; sourceTree = "<group>"; };
		C441FEFC1A687096007ED3B9 /* Base */ = {isa = PBXFileReference; lastKnownFileType = file.storyboard; name = Base; path = Base.lproj/Main.storyboard; sourceTree = "<group>"; };
		C441FEFE1A687096007ED3B9 /* Images.xcassets */ = {isa = PBXFileReference; lastKnownFileType = folder.assetcatalog; path = Images.xcassets; sourceTree = "<group>"; };
		C441FF011A687096007ED3B9 /* Base */ = {isa = PBXFileReference; lastKnownFileType = file.xib; name = Base; path = Base.lproj/LaunchScreen.xib; sourceTree = "<group>"; };
		C441FF071A687096007ED3B9 /* MonitoredEmployeeCellExampleTests.xctest */ = {isa = PBXFileReference; explicitFileType = wrapper.cfbundle; includeInIndex = 0; path = MonitoredEmployeeCellExampleTests.xctest; sourceTree = BUILT_PRODUCTS_DIR; };
		C441FF0C1A687096007ED3B9 /* Info.plist */ = {isa = PBXFileReference; lastKnownFileType = text.plist.xml; path = Info.plist; sourceTree = "<group>"; };
		C441FF0D1A687096007ED3B9 /* MonitoredEmployeeCellExampleTests.swift */ = {isa = PBXFileReference; lastKnownFileType = sourcecode.swift; path = MonitoredEmployeeCellExampleTests.swift; sourceTree = "<group>"; };
		C441FF491A69BDDD007ED3B9 /* MonitoredEmployeeData.swift */ = {isa = PBXFileReference; fileEncoding = 4; lastKnownFileType = sourcecode.swift; path = MonitoredEmployeeData.swift; sourceTree = "<group>"; };
		C441FF7E1A6D9236007ED3B9 /* MonitoredEmployeeCell.xib */ = {isa = PBXFileReference; fileEncoding = 4; lastKnownFileType = file.xib; path = MonitoredEmployeeCell.xib; sourceTree = "<group>"; };
		C441FF801A6DABFA007ED3B9 /* MonitoredEmployeeCell.swift */ = {isa = PBXFileReference; fileEncoding = 4; lastKnownFileType = sourcecode.swift; path = MonitoredEmployeeCell.swift; sourceTree = "<group>"; };
/* End PBXFileReference section */

/* Begin PBXFrameworksBuildPhase section */
		C441FEEF1A687096007ED3B9 /* Frameworks */ = {
			isa = PBXFrameworksBuildPhase;
			buildActionMask = 2147483647;
			files = (
			);
			runOnlyForDeploymentPostprocessing = 0;
		};
		C441FF041A687096007ED3B9 /* Frameworks */ = {
			isa = PBXFrameworksBuildPhase;
			buildActionMask = 2147483647;
			files = (
			);
			runOnlyForDeploymentPostprocessing = 0;
		};
/* End PBXFrameworksBuildPhase section */

/* Begin PBXGroup section */
		C441FEE91A687096007ED3B9 = {
			isa = PBXGroup;
			children = (
				C441FEF41A687096007ED3B9 /* MonitoredEmployeeCellExample */,
				C441FF0A1A687096007ED3B9 /* MonitoredEmployeeCellExampleTests */,
				C441FEF31A687096007ED3B9 /* Products */,
			);
			sourceTree = "<group>";
		};
		C441FEF31A687096007ED3B9 /* Products */ = {
			isa = PBXGroup;
			children = (
				C441FEF21A687096007ED3B9 /* MonitoredEmployeeCellExample.app */,
				C441FF071A687096007ED3B9 /* MonitoredEmployeeCellExampleTests.xctest */,
			);
			name = Products;
			sourceTree = "<group>";
		};
		C441FEF41A687096007ED3B9 /* MonitoredEmployeeCellExample */ = {
			isa = PBXGroup;
			children = (
				C441FEF71A687096007ED3B9 /* AppDelegate.swift */,
				C441FEF91A687096007ED3B9 /* ViewController.swift */,
				C441FEFB1A687096007ED3B9 /* Main.storyboard */,
				C441FEFE1A687096007ED3B9 /* Images.xcassets */,
				C441FF001A687096007ED3B9 /* LaunchScreen.xib */,
				C441FEF51A687096007ED3B9 /* Supporting Files */,
				C441FF491A69BDDD007ED3B9 /* MonitoredEmployeeData.swift */,
				C441FF7E1A6D9236007ED3B9 /* MonitoredEmployeeCell.xib */,
				C441FF801A6DABFA007ED3B9 /* MonitoredEmployeeCell.swift */,
			);
			path = MonitoredEmployeeCellExample;
			sourceTree = "<group>";
		};
		C441FEF51A687096007ED3B9 /* Supporting Files */ = {
			isa = PBXGroup;
			children = (
				C441FEF61A687096007ED3B9 /* Info.plist */,
			);
			name = "Supporting Files";
			sourceTree = "<group>";
		};
		C441FF0A1A687096007ED3B9 /* MonitoredEmployeeCellExampleTests */ = {
			isa = PBXGroup;
			children = (
				C441FF0D1A687096007ED3B9 /* MonitoredEmployeeCellExampleTests.swift */,
				C441FF0B1A687096007ED3B9 /* Supporting Files */,
			);
			path = MonitoredEmployeeCellExampleTests;
			sourceTree = "<group>";
		};
		C441FF0B1A687096007ED3B9 /* Supporting Files */ = {
			isa = PBXGroup;
			children = (
				C441FF0C1A687096007ED3B9 /* Info.plist */,
			);
			name = "Supporting Files";
			sourceTree = "<group>";
		};
/* End PBXGroup section */

/* Begin PBXNativeTarget section */
		C441FEF11A687096007ED3B9 /* MonitoredEmployeeCellExample */ = {
			isa = PBXNativeTarget;
			buildConfigurationList = C441FF111A687096007ED3B9 /* Build configuration list for PBXNativeTarget "MonitoredEmployeeCellExample" */;
			buildPhases = (
				C441FEEE1A687096007ED3B9 /* Sources */,
				C441FEEF1A687096007ED3B9 /* Frameworks */,
				C441FEF01A687096007ED3B9 /* Resources */,
			);
			buildRules = (
			);
			dependencies = (
			);
			name = MonitoredEmployeeCellExample;
			productName = MonitoredEmployeeCellExample;
			productReference = C441FEF21A687096007ED3B9 /* MonitoredEmployeeCellExample.app */;
			productType = "com.apple.product-type.application";
		};
		C441FF061A687096007ED3B9 /* MonitoredEmployeeCellExampleTests */ = {
			isa = PBXNativeTarget;
			buildConfigurationList = C441FF141A687096007ED3B9 /* Build configuration list for PBXNativeTarget "MonitoredEmployeeCellExampleTests" */;
			buildPhases = (
				C441FF031A687096007ED3B9 /* Sources */,
				C441FF041A687096007ED3B9 /* Frameworks */,
				C441FF051A687096007ED3B9 /* Resources */,
			);
			buildRules = (
			);
			dependencies = (
				C441FF091A687096007ED3B9 /* PBXTargetDependency */,
			);
			name = MonitoredEmployeeCellExampleTests;
			productName = MonitoredEmployeeCellExampleTests;
			productReference = C441FF071A687096007ED3B9 /* MonitoredEmployeeCellExampleTests.xctest */;
			productType = "com.apple.product-type.bundle.unit-test";
		};
/* End PBXNativeTarget section */

/* Begin PBXProject section */
		C441FEEA1A687096007ED3B9 /* Project object */ = {
			isa = PBXProject;
			attributes = {
				LastUpgradeCheck = 0610;
				ORGANIZATIONNAME = FuquaProductions;
				TargetAttributes = {
					C441FEF11A687096007ED3B9 = {
						CreatedOnToolsVersion = 6.1.1;
					};
					C441FF061A687096007ED3B9 = {
						CreatedOnToolsVersion = 6.1.1;
						TestTargetID = C441FEF11A687096007ED3B9;
					};
				};
			};
			buildConfigurationList = C441FEED1A687096007ED3B9 /* Build configuration list for PBXProject "MonitoredEmployeeCellExample" */;
			compatibilityVersion = "Xcode 3.2";
			developmentRegion = English;
			hasScannedForEncodings = 0;
			knownRegions = (
				en,
				Base,
			);
			mainGroup = C441FEE91A687096007ED3B9;
			productRefGroup = C441FEF31A687096007ED3B9 /* Products */;
			projectDirPath = "";
			projectRoot = "";
			targets = (
				C441FEF11A687096007ED3B9 /* MonitoredEmployeeCellExample */,
				C441FF061A687096007ED3B9 /* MonitoredEmployeeCellExampleTests */,
			);
		};
/* End PBXProject section */

/* Begin PBXResourcesBuildPhase section */
		C441FEF01A687096007ED3B9 /* Resources */ = {
			isa = PBXResourcesBuildPhase;
			buildActionMask = 2147483647;
			files = (
				C441FEFD1A687096007ED3B9 /* Main.storyboard in Resources */,
				C441FF021A687096007ED3B9 /* LaunchScreen.xib in Resources */,
				C441FEFF1A687096007ED3B9 /* Images.xcassets in Resources */,
				C441FF7F1A6D9236007ED3B9 /* MonitoredEmployeeCell.xib in Resources */,
			);
			runOnlyForDeploymentPostprocessing = 0;
		};
		C441FF051A687096007ED3B9 /* Resources */ = {
			isa = PBXResourcesBuildPhase;
			buildActionMask = 2147483647;
			files = (
			);
			runOnlyForDeploymentPostprocessing = 0;
		};
/* End PBXResourcesBuildPhase section */

/* Begin PBXSourcesBuildPhase section */
		C441FEEE1A687096007ED3B9 /* Sources */ = {
			isa = PBXSourcesBuildPhase;
			buildActionMask = 2147483647;
			files = (
				C441FEFA1A687096007ED3B9 /* ViewController.swift in Sources */,
				C441FEF81A687096007ED3B9 /* AppDelegate.swift in Sources */,
				C441FF4A1A69BDDD007ED3B9 /* MonitoredEmployeeData.swift in Sources */,
				C441FF811A6DABFA007ED3B9 /* MonitoredEmployeeCell.swift in Sources */,
			);
			runOnlyForDeploymentPostprocessing = 0;
		};
		C441FF031A687096007ED3B9 /* Sources */ = {
			isa = PBXSourcesBuildPhase;
			buildActionMask = 2147483647;
			files = (
				C441FF0E1A687096007ED3B9 /* MonitoredEmployeeCellExampleTests.swift in Sources */,
			);
			runOnlyForDeploymentPostprocessing = 0;
		};
/* End PBXSourcesBuildPhase section */

/* Begin PBXTargetDependency section */
		C441FF091A687096007ED3B9 /* PBXTargetDependency */ = {
			isa = PBXTargetDependency;
			target = C441FEF11A687096007ED3B9 /* MonitoredEmployeeCellExample */;
			targetProxy = C441FF081A687096007ED3B9 /* PBXContainerItemProxy */;
		};
/* End PBXTargetDependency section */

/* Begin PBXVariantGroup section */
		C441FEFB1A687096007ED3B9 /* Main.storyboard */ = {
			isa = PBXVariantGroup;
			children = (
				C441FEFC1A687096007ED3B9 /* Base */,
			);
			name = Main.storyboard;
			sourceTree = "<group>";
		};
		C441FF001A687096007ED3B9 /* LaunchScreen.xib */ = {
			isa = PBXVariantGroup;
			children = (
				C441FF011A687096007ED3B9 /* Base */,
			);
			name = LaunchScreen.xib;
			sourceTree = "<group>";
		};
/* End PBXVariantGroup section */

/* Begin XCBuildConfiguration section */
		C441FF0F1A687096007ED3B9 /* Debug */ = {
			isa = XCBuildConfiguration;
			buildSettings = {
				ALWAYS_SEARCH_USER_PATHS = NO;
				CLANG_CXX_LANGUAGE_STANDARD = "gnu++0x";
				CLANG_CXX_LIBRARY = "libc++";
				CLANG_ENABLE_MODULES = YES;
				CLANG_ENABLE_OBJC_ARC = YES;
				CLANG_WARN_BOOL_CONVERSION = YES;
				CLANG_WARN_CONSTANT_CONVERSION = YES;
				CLANG_WARN_DIRECT_OBJC_ISA_USAGE = YES_ERROR;
				CLANG_WARN_EMPTY_BODY = YES;
				CLANG_WARN_ENUM_CONVERSION = YES;
				CLANG_WARN_INT_CONVERSION = YES;
				CLANG_WARN_OBJC_ROOT_CLASS = YES_ERROR;
				CLANG_WARN_UNREACHABLE_CODE = YES;
				CLANG_WARN__DUPLICATE_METHOD_MATCH = YES;
				"CODE_SIGN_IDENTITY[sdk=iphoneos*]" = "iPhone Developer";
				COPY_PHASE_STRIP = NO;
				ENABLE_STRICT_OBJC_MSGSEND = YES;
				GCC_C_LANGUAGE_STANDARD = gnu99;
				GCC_DYNAMIC_NO_PIC = NO;
				GCC_OPTIMIZATION_LEVEL = 0;
				GCC_PREPROCESSOR_DEFINITIONS = (
					"DEBUG=1",
					"$(inherited)",
				);
				GCC_SYMBOLS_PRIVATE_EXTERN = NO;
				GCC_WARN_64_TO_32_BIT_CONVERSION = YES;
				GCC_WARN_ABOUT_RETURN_TYPE = YES_ERROR;
				GCC_WARN_UNDECLARED_SELECTOR = YES;
				GCC_WARN_UNINITIALIZED_AUTOS = YES_AGGRESSIVE;
				GCC_WARN_UNUSED_FUNCTION = YES;
				GCC_WARN_UNUSED_VARIABLE = YES;
				IPHONEOS_DEPLOYMENT_TARGET = 8.1;
				MTL_ENABLE_DEBUG_INFO = YES;
				ONLY_ACTIVE_ARCH = YES;
				SDKROOT = iphoneos;
				SWIFT_OPTIMIZATION_LEVEL = "-Onone";
				TARGETED_DEVICE_FAMILY = 2;
			};
			name = Debug;
		};
		C441FF101A687096007ED3B9 /* Release */ = {
			isa = XCBuildConfiguration;
			buildSettings = {
				ALWAYS_SEARCH_USER_PATHS = NO;
				CLANG_CXX_LANGUAGE_STANDARD = "gnu++0x";
				CLANG_CXX_LIBRARY = "libc++";
				CLANG_ENABLE_MODULES = YES;
				CLANG_ENABLE_OBJC_ARC = YES;
				CLANG_WARN_BOOL_CONVERSION = YES;
				CLANG_WARN_CONSTANT_CONVERSION = YES;
				CLANG_WARN_DIRECT_OBJC_ISA_USAGE = YES_ERROR;
				CLANG_WARN_EMPTY_BODY = YES;
				CLANG_WARN_ENUM_CONVERSION = YES;
				CLANG_WARN_INT_CONVERSION = YES;
				CLANG_WARN_OBJC_ROOT_CLASS = YES_ERROR;
				CLANG_WARN_UNREACHABLE_CODE = YES;
				CLANG_WARN__DUPLICATE_METHOD_MATCH = YES;
				"CODE_SIGN_IDENTITY[sdk=iphoneos*]" = "iPhone Developer";
				COPY_PHASE_STRIP = YES;
				ENABLE_NS_ASSERTIONS = NO;
				ENABLE_STRICT_OBJC_MSGSEND = YES;
				GCC_C_LANGUAGE_STANDARD = gnu99;
				GCC_WARN_64_TO_32_BIT_CONVERSION = YES;
				GCC_WARN_ABOUT_RETURN_TYPE = YES_ERROR;
				GCC_WARN_UNDECLARED_SELECTOR = YES;
				GCC_WARN_UNINITIALIZED_AUTOS = YES_AGGRESSIVE;
				GCC_WARN_UNUSED_FUNCTION = YES;
				GCC_WARN_UNUSED_VARIABLE = YES;
				IPHONEOS_DEPLOYMENT_TARGET = 8.1;
				MTL_ENABLE_DEBUG_INFO = NO;
				SDKROOT = iphoneos;
				TARGETED_DEVICE_FAMILY = 2;
				VALIDATE_PRODUCT = YES;
			};
			name = Release;
		};
		C441FF121A687096007ED3B9 /* Debug */ = {
			isa = XCBuildConfiguration;
			buildSettings = {
				ASSETCATALOG_COMPILER_APPICON_NAME = AppIcon;
				INFOPLIST_FILE = MonitoredEmployeeCellExample/Info.plist;
				LD_RUNPATH_SEARCH_PATHS = "$(inherited) @executable_path/Frameworks";
				PRODUCT_NAME = "$(TARGET_NAME)";
			};
			name = Debug;
		};
		C441FF131A687096007ED3B9 /* Release */ = {
			isa = XCBuildConfiguration;
			buildSettings = {
				ASSETCATALOG_COMPILER_APPICON_NAME = AppIcon;
				INFOPLIST_FILE = MonitoredEmployeeCellExample/Info.plist;
				LD_RUNPATH_SEARCH_PATHS = "$(inherited) @executable_path/Frameworks";
				PRODUCT_NAME = "$(TARGET_NAME)";
			};
			name = Release;
		};
		C441FF151A687096007ED3B9 /* Debug */ = {
			isa = XCBuildConfiguration;
			buildSettings = {
				BUNDLE_LOADER = "$(TEST_HOST)";
				FRAMEWORK_SEARCH_PATHS = (
					"$(SDKROOT)/Developer/Library/Frameworks",
					"$(inherited)",
				);
				GCC_PREPROCESSOR_DEFINITIONS = (
					"DEBUG=1",
					"$(inherited)",
				);
				INFOPLIST_FILE = MonitoredEmployeeCellExampleTests/Info.plist;
				LD_RUNPATH_SEARCH_PATHS = "$(inherited) @executable_path/Frameworks @loader_path/Frameworks";
				PRODUCT_NAME = "$(TARGET_NAME)";
				TEST_HOST = "$(BUILT_PRODUCTS_DIR)/MonitoredEmployeeCellExample.app/MonitoredEmployeeCellExample";
			};
			name = Debug;
		};
		C441FF161A687096007ED3B9 /* Release */ = {
			isa = XCBuildConfiguration;
			buildSettings = {
				BUNDLE_LOADER = "$(TEST_HOST)";
				FRAMEWORK_SEARCH_PATHS = (
					"$(SDKROOT)/Developer/Library/Frameworks",
					"$(inherited)",
				);
				INFOPLIST_FILE = MonitoredEmployeeCellExampleTests/Info.plist;
				LD_RUNPATH_SEARCH_PATHS = "$(inherited) @executable_path/Frameworks @loader_path/Frameworks";
				PRODUCT_NAME = "$(TARGET_NAME)";
				TEST_HOST = "$(BUILT_PRODUCTS_DIR)/MonitoredEmployeeCellExample.app/MonitoredEmployeeCellExample";
			};
			name = Release;
		};
/* End XCBuildConfiguration section */

/* Begin XCConfigurationList section */
		C441FEED1A687096007ED3B9 /* Build configuration list for PBXProject "MonitoredEmployeeCellExample" */ = {
			isa = XCConfigurationList;
			buildConfigurations = (
				C441FF0F1A687096007ED3B9 /* Debug */,
				C441FF101A687096007ED3B9 /* Release */,
			);
			defaultConfigurationIsVisible = 0;
			defaultConfigurationName = Release;
		};
		C441FF111A687096007ED3B9 /* Build configuration list for PBXNativeTarget "MonitoredEmployeeCellExample" */ = {
			isa = XCConfigurationList;
			buildConfigurations = (
				C441FF121A687096007ED3B9 /* Debug */,
				C441FF131A687096007ED3B9 /* Release */,
			);
			defaultConfigurationIsVisible = 0;
			defaultConfigurationName = Release;
		};
		C441FF141A687096007ED3B9 /* Build configuration list for PBXNativeTarget "MonitoredEmployeeCellExampleTests" */ = {
			isa = XCConfigurationList;
			buildConfigurations = (
				C441FF151A687096007ED3B9 /* Debug */,
				C441FF161A687096007ED3B9 /* Release */,
			);
			defaultConfigurationIsVisible = 0;
			defaultConfigurationName = Release;
		};
/* End XCConfigurationList section */
	};
	rootObject = C441FEEA1A687096007ED3B9 /* Project object */;
}
