// !$*UTF8*$!
{
	archiveVersion = 1;
	classes = {
	};
	objectVersion = 46;
	objects = {

/* Begin PBXBuildFile section */
		C42816991A55DDE800F22F4E /* AppDelegate.swift in Sources */ = {isa = PBXBuildFile; fileRef = C42816981A55DDE800F22F4E /* AppDelegate.swift */; };
		C428169B1A55DDE800F22F4E /* ViewController.swift in Sources */ = {isa = PBXBuildFile; fileRef = C428169A1A55DDE800F22F4E /* ViewController.swift */; };
		C428169E1A55DDE800F22F4E /* Main.storyboard in Resources */ = {isa = PBXBuildFile; fileRef = C428169C1A55DDE800F22F4E /* Main.storyboard */; };
		C42816A01A55DDE800F22F4E /* Images.xcassets in Resources */ = {isa = PBXBuildFile; fileRef = C428169F1A55DDE800F22F4E /* Images.xcassets */; };
		C42816A31A55DDE800F22F4E /* LaunchScreen.xib in Resources */ = {isa = PBXBuildFile; fileRef = C42816A11A55DDE800F22F4E /* LaunchScreen.xib */; };
		C42816AF1A55DDE800F22F4E /* PlayingCardDeckTests.swift in Sources */ = {isa = PBXBuildFile; fileRef = C42816AE1A55DDE800F22F4E /* PlayingCardDeckTests.swift */; };
		C42816B91A55DE1400F22F4E /* PlayingCard.swift in Sources */ = {isa = PBXBuildFile; fileRef = C42816B81A55DE1400F22F4E /* PlayingCard.swift */; };
/* End PBXBuildFile section */

/* Begin PBXContainerItemProxy section */
		C42816A91A55DDE800F22F4E /* PBXContainerItemProxy */ = {
			isa = PBXContainerItemProxy;
			containerPortal = C428168B1A55DDE800F22F4E /* Project object */;
			proxyType = 1;
			remoteGlobalIDString = C42816921A55DDE800F22F4E;
			remoteInfo = PlayingCardDeck;
		};
/* End PBXContainerItemProxy section */

/* Begin PBXFileReference section */
		C42816931A55DDE800F22F4E /* PlayingCardDeck.app */ = {isa = PBXFileReference; explicitFileType = wrapper.application; includeInIndex = 0; path = PlayingCardDeck.app; sourceTree = BUILT_PRODUCTS_DIR; };
		C42816971A55DDE800F22F4E /* Info.plist */ = {isa = PBXFileReference; lastKnownFileType = text.plist.xml; path = Info.plist; sourceTree = "<group>"; };
		C42816981A55DDE800F22F4E /* AppDelegate.swift */ = {isa = PBXFileReference; lastKnownFileType = sourcecode.swift; path = AppDelegate.swift; sourceTree = "<group>"; };
		C428169A1A55DDE800F22F4E /* ViewController.swift */ = {isa = PBXFileReference; lastKnownFileType = sourcecode.swift; path = ViewController.swift; sourceTree = "<group>"; };
		C428169D1A55DDE800F22F4E /* Base */ = {isa = PBXFileReference; lastKnownFileType = file.storyboard; name = Base; path = Base.lproj/Main.storyboard; sourceTree = "<group>"; };
		C428169F1A55DDE800F22F4E /* Images.xcassets */ = {isa = PBXFileReference; lastKnownFileType = folder.assetcatalog; path = Images.xcassets; sourceTree = "<group>"; };
		C42816A21A55DDE800F22F4E /* Base */ = {isa = PBXFileReference; lastKnownFileType = file.xib; name = Base; path = Base.lproj/LaunchScreen.xib; sourceTree = "<group>"; };
		C42816A81A55DDE800F22F4E /* PlayingCardDeckTests.xctest */ = {isa = PBXFileReference; explicitFileType = wrapper.cfbundle; includeInIndex = 0; path = PlayingCardDeckTests.xctest; sourceTree = BUILT_PRODUCTS_DIR; };
		C42816AD1A55DDE800F22F4E /* Info.plist */ = {isa = PBXFileReference; lastKnownFileType = text.plist.xml; path = Info.plist; sourceTree = "<group>"; };
		C42816AE1A55DDE800F22F4E /* PlayingCardDeckTests.swift */ = {isa = PBXFileReference; lastKnownFileType = sourcecode.swift; path = PlayingCardDeckTests.swift; sourceTree = "<group>"; };
		C42816B81A55DE1400F22F4E /* PlayingCard.swift */ = {isa = PBXFileReference; fileEncoding = 4; lastKnownFileType = sourcecode.swift; path = PlayingCard.swift; sourceTree = "<group>"; };
/* End PBXFileReference section */

/* Begin PBXFrameworksBuildPhase section */
		C42816901A55DDE800F22F4E /* Frameworks */ = {
			isa = PBXFrameworksBuildPhase;
			buildActionMask = 2147483647;
			files = (
			);
			runOnlyForDeploymentPostprocessing = 0;
		};
		C42816A51A55DDE800F22F4E /* Frameworks */ = {
			isa = PBXFrameworksBuildPhase;
			buildActionMask = 2147483647;
			files = (
			);
			runOnlyForDeploymentPostprocessing = 0;
		};
/* End PBXFrameworksBuildPhase section */

/* Begin PBXGroup section */
		C428168A1A55DDE800F22F4E = {
			isa = PBXGroup;
			children = (
				C42816951A55DDE800F22F4E /* PlayingCardDeck */,
				C42816AB1A55DDE800F22F4E /* PlayingCardDeckTests */,
				C42816941A55DDE800F22F4E /* Products */,
			);
			sourceTree = "<group>";
		};
		C42816941A55DDE800F22F4E /* Products */ = {
			isa = PBXGroup;
			children = (
				C42816931A55DDE800F22F4E /* PlayingCardDeck.app */,
				C42816A81A55DDE800F22F4E /* PlayingCardDeckTests.xctest */,
			);
			name = Products;
			sourceTree = "<group>";
		};
		C42816951A55DDE800F22F4E /* PlayingCardDeck */ = {
			isa = PBXGroup;
			children = (
				C42816981A55DDE800F22F4E /* AppDelegate.swift */,
				C42816B81A55DE1400F22F4E /* PlayingCard.swift */,
				C428169A1A55DDE800F22F4E /* ViewController.swift */,
				C428169F1A55DDE800F22F4E /* Images.xcassets */,
				C42816A11A55DDE800F22F4E /* LaunchScreen.xib */,
				C428169C1A55DDE800F22F4E /* Main.storyboard */,
				C42816961A55DDE800F22F4E /* Supporting Files */,
			);
			path = PlayingCardDeck;
			sourceTree = "<group>";
		};
		C42816961A55DDE800F22F4E /* Supporting Files */ = {
			isa = PBXGroup;
			children = (
				C42816971A55DDE800F22F4E /* Info.plist */,
			);
			name = "Supporting Files";
			sourceTree = "<group>";
		};
		C42816AB1A55DDE800F22F4E /* PlayingCardDeckTests */ = {
			isa = PBXGroup;
			children = (
				C42816AE1A55DDE800F22F4E /* PlayingCardDeckTests.swift */,
				C42816AC1A55DDE800F22F4E /* Supporting Files */,
			);
			path = PlayingCardDeckTests;
			sourceTree = "<group>";
		};
		C42816AC1A55DDE800F22F4E /* Supporting Files */ = {
			isa = PBXGroup;
			children = (
				C42816AD1A55DDE800F22F4E /* Info.plist */,
			);
			name = "Supporting Files";
			sourceTree = "<group>";
		};
/* End PBXGroup section */

/* Begin PBXNativeTarget section */
		C42816921A55DDE800F22F4E /* PlayingCardDeck */ = {
			isa = PBXNativeTarget;
			buildConfigurationList = C42816B21A55DDE800F22F4E /* Build configuration list for PBXNativeTarget "PlayingCardDeck" */;
			buildPhases = (
				C428168F1A55DDE800F22F4E /* Sources */,
				C42816901A55DDE800F22F4E /* Frameworks */,
				C42816911A55DDE800F22F4E /* Resources */,
			);
			buildRules = (
			);
			dependencies = (
			);
			name = PlayingCardDeck;
			productName = PlayingCardDeck;
			productReference = C42816931A55DDE800F22F4E /* PlayingCardDeck.app */;
			productType = "com.apple.product-type.application";
		};
		C42816A71A55DDE800F22F4E /* PlayingCardDeckTests */ = {
			isa = PBXNativeTarget;
			buildConfigurationList = C42816B51A55DDE800F22F4E /* Build configuration list for PBXNativeTarget "PlayingCardDeckTests" */;
			buildPhases = (
				C42816A41A55DDE800F22F4E /* Sources */,
				C42816A51A55DDE800F22F4E /* Frameworks */,
				C42816A61A55DDE800F22F4E /* Resources */,
			);
			buildRules = (
			);
			dependencies = (
				C42816AA1A55DDE800F22F4E /* PBXTargetDependency */,
			);
			name = PlayingCardDeckTests;
			productName = PlayingCardDeckTests;
			productReference = C42816A81A55DDE800F22F4E /* PlayingCardDeckTests.xctest */;
			productType = "com.apple.product-type.bundle.unit-test";
		};
/* End PBXNativeTarget section */

/* Begin PBXProject section */
		C428168B1A55DDE800F22F4E /* Project object */ = {
			isa = PBXProject;
			attributes = {
				LastUpgradeCheck = 0610;
				ORGANIZATIONNAME = FuquaProductions;
				TargetAttributes = {
					C42816921A55DDE800F22F4E = {
						CreatedOnToolsVersion = 6.1.1;
					};
					C42816A71A55DDE800F22F4E = {
						CreatedOnToolsVersion = 6.1.1;
						TestTargetID = C42816921A55DDE800F22F4E;
					};
				};
			};
			buildConfigurationList = C428168E1A55DDE800F22F4E /* Build configuration list for PBXProject "PlayingCardDeck" */;
			compatibilityVersion = "Xcode 3.2";
			developmentRegion = English;
			hasScannedForEncodings = 0;
			knownRegions = (
				en,
				Base,
			);
			mainGroup = C428168A1A55DDE800F22F4E;
			productRefGroup = C42816941A55DDE800F22F4E /* Products */;
			projectDirPath = "";
			projectRoot = "";
			targets = (
				C42816921A55DDE800F22F4E /* PlayingCardDeck */,
				C42816A71A55DDE800F22F4E /* PlayingCardDeckTests */,
			);
		};
/* End PBXProject section */

/* Begin PBXResourcesBuildPhase section */
		C42816911A55DDE800F22F4E /* Resources */ = {
			isa = PBXResourcesBuildPhase;
			buildActionMask = 2147483647;
			files = (
				C428169E1A55DDE800F22F4E /* Main.storyboard in Resources */,
				C42816A31A55DDE800F22F4E /* LaunchScreen.xib in Resources */,
				C42816A01A55DDE800F22F4E /* Images.xcassets in Resources */,
			);
			runOnlyForDeploymentPostprocessing = 0;
		};
		C42816A61A55DDE800F22F4E /* Resources */ = {
			isa = PBXResourcesBuildPhase;
			buildActionMask = 2147483647;
			files = (
			);
			runOnlyForDeploymentPostprocessing = 0;
		};
/* End PBXResourcesBuildPhase section */

/* Begin PBXSourcesBuildPhase section */
		C428168F1A55DDE800F22F4E /* Sources */ = {
			isa = PBXSourcesBuildPhase;
			buildActionMask = 2147483647;
			files = (
				C428169B1A55DDE800F22F4E /* ViewController.swift in Sources */,
				C42816B91A55DE1400F22F4E /* PlayingCard.swift in Sources */,
				C42816991A55DDE800F22F4E /* AppDelegate.swift in Sources */,
			);
			runOnlyForDeploymentPostprocessing = 0;
		};
		C42816A41A55DDE800F22F4E /* Sources */ = {
			isa = PBXSourcesBuildPhase;
			buildActionMask = 2147483647;
			files = (
				C42816AF1A55DDE800F22F4E /* PlayingCardDeckTests.swift in Sources */,
			);
			runOnlyForDeploymentPostprocessing = 0;
		};
/* End PBXSourcesBuildPhase section */

/* Begin PBXTargetDependency section */
		C42816AA1A55DDE800F22F4E /* PBXTargetDependency */ = {
			isa = PBXTargetDependency;
			target = C42816921A55DDE800F22F4E /* PlayingCardDeck */;
			targetProxy = C42816A91A55DDE800F22F4E /* PBXContainerItemProxy */;
		};
/* End PBXTargetDependency section */

/* Begin PBXVariantGroup section */
		C428169C1A55DDE800F22F4E /* Main.storyboard */ = {
			isa = PBXVariantGroup;
			children = (
				C428169D1A55DDE800F22F4E /* Base */,
			);
			name = Main.storyboard;
			sourceTree = "<group>";
		};
		C42816A11A55DDE800F22F4E /* LaunchScreen.xib */ = {
			isa = PBXVariantGroup;
			children = (
				C42816A21A55DDE800F22F4E /* Base */,
			);
			name = LaunchScreen.xib;
			sourceTree = "<group>";
		};
/* End PBXVariantGroup section */

/* Begin XCBuildConfiguration section */
		C42816B01A55DDE800F22F4E /* Debug */ = {
			isa = XCBuildConfiguration;
			buildSettings = {
				ALWAYS_SEARCH_USER_PATHS = NO;
				CLANG_CXX_LANGUAGE_STANDARD = "gnu++0x";
				CLANG_CXX_LIBRARY = "libc++";
				CLANG_ENABLE_MODULES = YES;
				CLANG_ENABLE_OBJC_ARC = YES;
				CLANG_WARN_BOOL_CONVERSION = YES;
				CLANG_WARN_CONSTANT_CONVERSION = YES;
				CLANG_WARN_DIRECT_OBJC_ISA_USAGE = YES_ERROR;
				CLANG_WARN_EMPTY_BODY = YES;
				CLANG_WARN_ENUM_CONVERSION = YES;
				CLANG_WARN_INT_CONVERSION = YES;
				CLANG_WARN_OBJC_ROOT_CLASS = YES_ERROR;
				CLANG_WARN_UNREACHABLE_CODE = YES;
				CLANG_WARN__DUPLICATE_METHOD_MATCH = YES;
				"CODE_SIGN_IDENTITY[sdk=iphoneos*]" = "iPhone Developer";
				COPY_PHASE_STRIP = NO;
				ENABLE_STRICT_OBJC_MSGSEND = YES;
				GCC_C_LANGUAGE_STANDARD = gnu99;
				GCC_DYNAMIC_NO_PIC = NO;
				GCC_OPTIMIZATION_LEVEL = 0;
				GCC_PREPROCESSOR_DEFINITIONS = (
					"DEBUG=1",
					"$(inherited)",
				);
				GCC_SYMBOLS_PRIVATE_EXTERN = NO;
				GCC_WARN_64_TO_32_BIT_CONVERSION = YES;
				GCC_WARN_ABOUT_RETURN_TYPE = YES_ERROR;
				GCC_WARN_UNDECLARED_SELECTOR = YES;
				GCC_WARN_UNINITIALIZED_AUTOS = YES_AGGRESSIVE;
				GCC_WARN_UNUSED_FUNCTION = YES;
				GCC_WARN_UNUSED_VARIABLE = YES;
				IPHONEOS_DEPLOYMENT_TARGET = 8.1;
				MTL_ENABLE_DEBUG_INFO = YES;
				ONLY_ACTIVE_ARCH = YES;
				SDKROOT = iphoneos;
				SWIFT_OPTIMIZATION_LEVEL = "-Onone";
			};
			name = Debug;
		};
		C42816B11A55DDE800F22F4E /* Release */ = {
			isa = XCBuildConfiguration;
			buildSettings = {
				ALWAYS_SEARCH_USER_PATHS = NO;
				CLANG_CXX_LANGUAGE_STANDARD = "gnu++0x";
				CLANG_CXX_LIBRARY = "libc++";
				CLANG_ENABLE_MODULES = YES;
				CLANG_ENABLE_OBJC_ARC = YES;
				CLANG_WARN_BOOL_CONVERSION = YES;
				CLANG_WARN_CONSTANT_CONVERSION = YES;
				CLANG_WARN_DIRECT_OBJC_ISA_USAGE = YES_ERROR;
				CLANG_WARN_EMPTY_BODY = YES;
				CLANG_WARN_ENUM_CONVERSION = YES;
				CLANG_WARN_INT_CONVERSION = YES;
				CLANG_WARN_OBJC_ROOT_CLASS = YES_ERROR;
				CLANG_WARN_UNREACHABLE_CODE = YES;
				CLANG_WARN__DUPLICATE_METHOD_MATCH = YES;
				"CODE_SIGN_IDENTITY[sdk=iphoneos*]" = "iPhone Developer";
				COPY_PHASE_STRIP = YES;
				ENABLE_NS_ASSERTIONS = NO;
				ENABLE_STRICT_OBJC_MSGSEND = YES;
				GCC_C_LANGUAGE_STANDARD = gnu99;
				GCC_WARN_64_TO_32_BIT_CONVERSION = YES;
				GCC_WARN_ABOUT_RETURN_TYPE = YES_ERROR;
				GCC_WARN_UNDECLARED_SELECTOR = YES;
				GCC_WARN_UNINITIALIZED_AUTOS = YES_AGGRESSIVE;
				GCC_WARN_UNUSED_FUNCTION = YES;
				GCC_WARN_UNUSED_VARIABLE = YES;
				IPHONEOS_DEPLOYMENT_TARGET = 8.1;
				MTL_ENABLE_DEBUG_INFO = NO;
				SDKROOT = iphoneos;
				VALIDATE_PRODUCT = YES;
			};
			name = Release;
		};
		C42816B31A55DDE800F22F4E /* Debug */ = {
			isa = XCBuildConfiguration;
			buildSettings = {
				ASSETCATALOG_COMPILER_APPICON_NAME = AppIcon;
				INFOPLIST_FILE = PlayingCardDeck/Info.plist;
				LD_RUNPATH_SEARCH_PATHS = "$(inherited) @executable_path/Frameworks";
				PRODUCT_NAME = "$(TARGET_NAME)";
			};
			name = Debug;
		};
		C42816B41A55DDE800F22F4E /* Release */ = {
			isa = XCBuildConfiguration;
			buildSettings = {
				ASSETCATALOG_COMPILER_APPICON_NAME = AppIcon;
				INFOPLIST_FILE = PlayingCardDeck/Info.plist;
				LD_RUNPATH_SEARCH_PATHS = "$(inherited) @executable_path/Frameworks";
				PRODUCT_NAME = "$(TARGET_NAME)";
			};
			name = Release;
		};
		C42816B61A55DDE800F22F4E /* Debug */ = {
			isa = XCBuildConfiguration;
			buildSettings = {
				BUNDLE_LOADER = "$(TEST_HOST)";
				FRAMEWORK_SEARCH_PATHS = (
					"$(SDKROOT)/Developer/Library/Frameworks",
					"$(inherited)",
				);
				GCC_PREPROCESSOR_DEFINITIONS = (
					"DEBUG=1",
					"$(inherited)",
				);
				INFOPLIST_FILE = PlayingCardDeckTests/Info.plist;
				LD_RUNPATH_SEARCH_PATHS = "$(inherited) @executable_path/Frameworks @loader_path/Frameworks";
				PRODUCT_NAME = "$(TARGET_NAME)";
				TEST_HOST = "$(BUILT_PRODUCTS_DIR)/PlayingCardDeck.app/PlayingCardDeck";
			};
			name = Debug;
		};
		C42816B71A55DDE800F22F4E /* Release */ = {
			isa = XCBuildConfiguration;
			buildSettings = {
				BUNDLE_LOADER = "$(TEST_HOST)";
				FRAMEWORK_SEARCH_PATHS = (
					"$(SDKROOT)/Developer/Library/Frameworks",
					"$(inherited)",
				);
				INFOPLIST_FILE = PlayingCardDeckTests/Info.plist;
				LD_RUNPATH_SEARCH_PATHS = "$(inherited) @executable_path/Frameworks @loader_path/Frameworks";
				PRODUCT_NAME = "$(TARGET_NAME)";
				TEST_HOST = "$(BUILT_PRODUCTS_DIR)/PlayingCardDeck.app/PlayingCardDeck";
			};
			name = Release;
		};
/* End XCBuildConfiguration section */

/* Begin XCConfigurationList section */
		C428168E1A55DDE800F22F4E /* Build configuration list for PBXProject "PlayingCardDeck" */ = {
			isa = XCConfigurationList;
			buildConfigurations = (
				C42816B01A55DDE800F22F4E /* Debug */,
				C42816B11A55DDE800F22F4E /* Release */,
			);
			defaultConfigurationIsVisible = 0;
			defaultConfigurationName = Release;
		};
		C42816B21A55DDE800F22F4E /* Build configuration list for PBXNativeTarget "PlayingCardDeck" */ = {
			isa = XCConfigurationList;
			buildConfigurations = (
				C42816B31A55DDE800F22F4E /* Debug */,
				C42816B41A55DDE800F22F4E /* Release */,
			);
			defaultConfigurationIsVisible = 0;
		};
		C42816B51A55DDE800F22F4E /* Build configuration list for PBXNativeTarget "PlayingCardDeckTests" */ = {
			isa = XCConfigurationList;
			buildConfigurations = (
				C42816B61A55DDE800F22F4E /* Debug */,
				C42816B71A55DDE800F22F4E /* Release */,
			);
			defaultConfigurationIsVisible = 0;
		};
/* End XCConfigurationList section */
	};
	rootObject = C428168B1A55DDE800F22F4E /* Project object */;
}
